// !$*UTF8*$!
{
	archiveVersion = 1;
	classes = {
	};
	objectVersion = 52;
	objects = {

/* Begin PBXBuildFile section */
		9F41514F235CCAC900FB5FF2 /* AppDelegate.swift in Sources */ = {isa = PBXBuildFile; fileRef = 9F41514E235CCAC900FB5FF2 /* AppDelegate.swift */; };
		9F415151235CCAC900FB5FF2 /* SceneDelegate.swift in Sources */ = {isa = PBXBuildFile; fileRef = 9F415150235CCAC900FB5FF2 /* SceneDelegate.swift */; };
		9F415153235CCAC900FB5FF2 /* ContentView.swift in Sources */ = {isa = PBXBuildFile; fileRef = 9F415152235CCAC900FB5FF2 /* ContentView.swift */; };
		9F415155235CCAC900FB5FF2 /* Assets.xcassets in Resources */ = {isa = PBXBuildFile; fileRef = 9F415154235CCAC900FB5FF2 /* Assets.xcassets */; };
		9F415158235CCAC900FB5FF2 /* Preview Assets.xcassets in Resources */ = {isa = PBXBuildFile; fileRef = 9F415157235CCAC900FB5FF2 /* Preview Assets.xcassets */; };
		9F41515B235CCAC900FB5FF2 /* LaunchScreen.storyboard in Resources */ = {isa = PBXBuildFile; fileRef = 9F415159235CCAC900FB5FF2 /* LaunchScreen.storyboard */; };
		9F415166235CCACA00FB5FF2 /* CommuticationTests.swift in Sources */ = {isa = PBXBuildFile; fileRef = 9F415165235CCACA00FB5FF2 /* CommuticationTests.swift */; };
		9F415171235D54AC00FB5FF2 /* mainView.swift in Sources */ = {isa = PBXBuildFile; fileRef = 9F415170235D54AC00FB5FF2 /* mainView.swift */; };
		9F415173235D54D700FB5FF2 /* statsView.swift in Sources */ = {isa = PBXBuildFile; fileRef = 9F415172235D54D700FB5FF2 /* statsView.swift */; };
		9F415177235E759900FB5FF2 /* destData.swift in Sources */ = {isa = PBXBuildFile; fileRef = 9F415176235E759900FB5FF2 /* destData.swift */; };
		9F415179235E79C500FB5FF2 /* MapView.swift in Sources */ = {isa = PBXBuildFile; fileRef = 9F415178235E79C500FB5FF2 /* MapView.swift */; };
		9F41517B235F66BA00FB5FF2 /* destForm.swift in Sources */ = {isa = PBXBuildFile; fileRef = 9F41517A235F66BA00FB5FF2 /* destForm.swift */; };
		9F4151AB23620DE800FB5FF2 /* classFiller.swift in Sources */ = {isa = PBXBuildFile; fileRef = 9F4151AA23620DE800FB5FF2 /* classFiller.swift */; };
/* End PBXBuildFile section */

/* Begin PBXContainerItemProxy section */
		9F415162235CCACA00FB5FF2 /* PBXContainerItemProxy */ = {
			isa = PBXContainerItemProxy;
			containerPortal = 9F415143235CCAC900FB5FF2 /* Project object */;
			proxyType = 1;
			remoteGlobalIDString = 9F41514A235CCAC900FB5FF2;
			remoteInfo = Commutication;
		};
/* End PBXContainerItemProxy section */

/* Begin PBXFileReference section */
		9F41514B235CCAC900FB5FF2 /* Commutication.app */ = {isa = PBXFileReference; explicitFileType = wrapper.application; includeInIndex = 0; path = Commutication.app; sourceTree = BUILT_PRODUCTS_DIR; };
		9F41514E235CCAC900FB5FF2 /* AppDelegate.swift */ = {isa = PBXFileReference; lastKnownFileType = sourcecode.swift; path = AppDelegate.swift; sourceTree = "<group>"; };
		9F415150235CCAC900FB5FF2 /* SceneDelegate.swift */ = {isa = PBXFileReference; lastKnownFileType = sourcecode.swift; path = SceneDelegate.swift; sourceTree = "<group>"; };
		9F415152235CCAC900FB5FF2 /* ContentView.swift */ = {isa = PBXFileReference; lastKnownFileType = sourcecode.swift; path = ContentView.swift; sourceTree = "<group>"; };
		9F415154235CCAC900FB5FF2 /* Assets.xcassets */ = {isa = PBXFileReference; lastKnownFileType = folder.assetcatalog; path = Assets.xcassets; sourceTree = "<group>"; };
		9F415157235CCAC900FB5FF2 /* Preview Assets.xcassets */ = {isa = PBXFileReference; lastKnownFileType = folder.assetcatalog; path = "Preview Assets.xcassets"; sourceTree = "<group>"; };
		9F41515A235CCAC900FB5FF2 /* Base */ = {isa = PBXFileReference; lastKnownFileType = file.storyboard; name = Base; path = Base.lproj/LaunchScreen.storyboard; sourceTree = "<group>"; };
		9F41515C235CCACA00FB5FF2 /* Info.plist */ = {isa = PBXFileReference; lastKnownFileType = text.plist.xml; path = Info.plist; sourceTree = "<group>"; };
		9F415161235CCACA00FB5FF2 /* CommuticationTests.xctest */ = {isa = PBXFileReference; explicitFileType = wrapper.cfbundle; includeInIndex = 0; path = CommuticationTests.xctest; sourceTree = BUILT_PRODUCTS_DIR; };
		9F415165235CCACA00FB5FF2 /* CommuticationTests.swift */ = {isa = PBXFileReference; lastKnownFileType = sourcecode.swift; path = CommuticationTests.swift; sourceTree = "<group>"; };
		9F415167235CCACA00FB5FF2 /* Info.plist */ = {isa = PBXFileReference; lastKnownFileType = text.plist.xml; path = Info.plist; sourceTree = "<group>"; };
		9F415170235D54AC00FB5FF2 /* mainView.swift */ = {isa = PBXFileReference; lastKnownFileType = sourcecode.swift; path = mainView.swift; sourceTree = "<group>"; };
		9F415172235D54D700FB5FF2 /* statsView.swift */ = {isa = PBXFileReference; lastKnownFileType = sourcecode.swift; path = statsView.swift; sourceTree = "<group>"; };
		9F415176235E759900FB5FF2 /* destData.swift */ = {isa = PBXFileReference; lastKnownFileType = sourcecode.swift; path = destData.swift; sourceTree = "<group>"; };
		9F415178235E79C500FB5FF2 /* MapView.swift */ = {isa = PBXFileReference; lastKnownFileType = sourcecode.swift; path = MapView.swift; sourceTree = "<group>"; };
		9F41517A235F66BA00FB5FF2 /* destForm.swift */ = {isa = PBXFileReference; lastKnownFileType = sourcecode.swift; path = destForm.swift; sourceTree = "<group>"; };
		9F4151AA23620DE800FB5FF2 /* classFiller.swift */ = {isa = PBXFileReference; lastKnownFileType = sourcecode.swift; path = classFiller.swift; sourceTree = "<group>"; };
/* End PBXFileReference section */

/* Begin PBXFrameworksBuildPhase section */
		9F415148235CCAC900FB5FF2 /* Frameworks */ = {
			isa = PBXFrameworksBuildPhase;
			buildActionMask = 2147483647;
			files = (
			);
			runOnlyForDeploymentPostprocessing = 0;
		};
		9F41515E235CCACA00FB5FF2 /* Frameworks */ = {
			isa = PBXFrameworksBuildPhase;
			buildActionMask = 2147483647;
			files = (
			);
			runOnlyForDeploymentPostprocessing = 0;
		};
/* End PBXFrameworksBuildPhase section */

/* Begin PBXGroup section */
		9F415142235CCAC900FB5FF2 = {
			isa = PBXGroup;
			children = (
				9F41514D235CCAC900FB5FF2 /* Commutication */,
				9F415164235CCACA00FB5FF2 /* CommuticationTests */,
				9F41514C235CCAC900FB5FF2 /* Products */,
			);
			sourceTree = "<group>";
		};
		9F41514C235CCAC900FB5FF2 /* Products */ = {
			isa = PBXGroup;
			children = (
				9F41514B235CCAC900FB5FF2 /* Commutication.app */,
				9F415161235CCACA00FB5FF2 /* CommuticationTests.xctest */,
			);
			name = Products;
			sourceTree = "<group>";
		};
		9F41514D235CCAC900FB5FF2 /* Commutication */ = {
			isa = PBXGroup;
			children = (
				9F41514E235CCAC900FB5FF2 /* AppDelegate.swift */,
				9F415150235CCAC900FB5FF2 /* SceneDelegate.swift */,
				9F415152235CCAC900FB5FF2 /* ContentView.swift */,
				9F4151AA23620DE800FB5FF2 /* classFiller.swift */,
				9F41517A235F66BA00FB5FF2 /* destForm.swift */,
				9F415172235D54D700FB5FF2 /* statsView.swift */,
				9F415170235D54AC00FB5FF2 /* mainView.swift */,
				9F415178235E79C500FB5FF2 /* MapView.swift */,
				9F415154235CCAC900FB5FF2 /* Assets.xcassets */,
				9F415159235CCAC900FB5FF2 /* LaunchScreen.storyboard */,
				9F41515C235CCACA00FB5FF2 /* Info.plist */,
				9F415156235CCAC900FB5FF2 /* Preview Content */,
				9F415176235E759900FB5FF2 /* destData.swift */,
			);
			path = Commutication;
			sourceTree = "<group>";
		};
		9F415156235CCAC900FB5FF2 /* Preview Content */ = {
			isa = PBXGroup;
			children = (
				9F415157235CCAC900FB5FF2 /* Preview Assets.xcassets */,
			);
			path = "Preview Content";
			sourceTree = "<group>";
		};
		9F415164235CCACA00FB5FF2 /* CommuticationTests */ = {
			isa = PBXGroup;
			children = (
				9F415165235CCACA00FB5FF2 /* CommuticationTests.swift */,
				9F415167235CCACA00FB5FF2 /* Info.plist */,
			);
			path = CommuticationTests;
			sourceTree = "<group>";
		};
/* End PBXGroup section */

/* Begin PBXNativeTarget section */
		9F41514A235CCAC900FB5FF2 /* Commutication */ = {
			isa = PBXNativeTarget;
			buildConfigurationList = 9F41516A235CCACA00FB5FF2 /* Build configuration list for PBXNativeTarget "Commutication" */;
			buildPhases = (
				9F415147235CCAC900FB5FF2 /* Sources */,
				9F415148235CCAC900FB5FF2 /* Frameworks */,
				9F415149235CCAC900FB5FF2 /* Resources */,
			);
			buildRules = (
			);
			dependencies = (
			);
			name = Commutication;
			productName = Commutication;
			productReference = 9F41514B235CCAC900FB5FF2 /* Commutication.app */;
			productType = "com.apple.product-type.application";
		};
		9F415160235CCACA00FB5FF2 /* CommuticationTests */ = {
			isa = PBXNativeTarget;
			buildConfigurationList = 9F41516D235CCACA00FB5FF2 /* Build configuration list for PBXNativeTarget "CommuticationTests" */;
			buildPhases = (
				9F41515D235CCACA00FB5FF2 /* Sources */,
				9F41515E235CCACA00FB5FF2 /* Frameworks */,
				9F41515F235CCACA00FB5FF2 /* Resources */,
			);
			buildRules = (
			);
			dependencies = (
				9F415163235CCACA00FB5FF2 /* PBXTargetDependency */,
			);
			name = CommuticationTests;
			productName = CommuticationTests;
			productReference = 9F415161235CCACA00FB5FF2 /* CommuticationTests.xctest */;
			productType = "com.apple.product-type.bundle.unit-test";
		};
/* End PBXNativeTarget section */

/* Begin PBXProject section */
		9F415143235CCAC900FB5FF2 /* Project object */ = {
			isa = PBXProject;
			attributes = {
				LastSwiftUpdateCheck = 1110;
				LastUpgradeCheck = 1110;
				ORGANIZATIONNAME = "Allen Davis-Swing";
				TargetAttributes = {
					9F41514A235CCAC900FB5FF2 = {
						CreatedOnToolsVersion = 11.1;
					};
					9F415160235CCACA00FB5FF2 = {
						CreatedOnToolsVersion = 11.1;
						TestTargetID = 9F41514A235CCAC900FB5FF2;
					};
				};
			};
			buildConfigurationList = 9F415146235CCAC900FB5FF2 /* Build configuration list for PBXProject "Commutication" */;
			compatibilityVersion = "Xcode 11.0";
			developmentRegion = en;
			hasScannedForEncodings = 0;
			knownRegions = (
				en,
				Base,
			);
			mainGroup = 9F415142235CCAC900FB5FF2;
			productRefGroup = 9F41514C235CCAC900FB5FF2 /* Products */;
			projectDirPath = "";
			projectRoot = "";
			targets = (
				9F41514A235CCAC900FB5FF2 /* Commutication */,
				9F415160235CCACA00FB5FF2 /* CommuticationTests */,
			);
		};
/* End PBXProject section */

/* Begin PBXResourcesBuildPhase section */
		9F415149235CCAC900FB5FF2 /* Resources */ = {
			isa = PBXResourcesBuildPhase;
			buildActionMask = 2147483647;
			files = (
				9F41515B235CCAC900FB5FF2 /* LaunchScreen.storyboard in Resources */,
				9F415158235CCAC900FB5FF2 /* Preview Assets.xcassets in Resources */,
				9F415155235CCAC900FB5FF2 /* Assets.xcassets in Resources */,
			);
			runOnlyForDeploymentPostprocessing = 0;
		};
		9F41515F235CCACA00FB5FF2 /* Resources */ = {
			isa = PBXResourcesBuildPhase;
			buildActionMask = 2147483647;
			files = (
			);
			runOnlyForDeploymentPostprocessing = 0;
		};
/* End PBXResourcesBuildPhase section */

/* Begin PBXSourcesBuildPhase section */
		9F415147235CCAC900FB5FF2 /* Sources */ = {
			isa = PBXSourcesBuildPhase;
			buildActionMask = 2147483647;
			files = (
				9F41514F235CCAC900FB5FF2 /* AppDelegate.swift in Sources */,
				9F415179235E79C500FB5FF2 /* MapView.swift in Sources */,
				9F415171235D54AC00FB5FF2 /* mainView.swift in Sources */,
				9F415177235E759900FB5FF2 /* destData.swift in Sources */,
				9F4151AB23620DE800FB5FF2 /* classFiller.swift in Sources */,
				9F415151235CCAC900FB5FF2 /* SceneDelegate.swift in Sources */,
				9F415153235CCAC900FB5FF2 /* ContentView.swift in Sources */,
				9F41517B235F66BA00FB5FF2 /* destForm.swift in Sources */,
				9F415173235D54D700FB5FF2 /* statsView.swift in Sources */,
			);
			runOnlyForDeploymentPostprocessing = 0;
		};
		9F41515D235CCACA00FB5FF2 /* Sources */ = {
			isa = PBXSourcesBuildPhase;
			buildActionMask = 2147483647;
			files = (
				9F415166235CCACA00FB5FF2 /* CommuticationTests.swift in Sources */,
			);
			runOnlyForDeploymentPostprocessing = 0;
		};
/* End PBXSourcesBuildPhase section */

/* Begin PBXTargetDependency section */
		9F415163235CCACA00FB5FF2 /* PBXTargetDependency */ = {
			isa = PBXTargetDependency;
			target = 9F41514A235CCAC900FB5FF2 /* Commutication */;
			targetProxy = 9F415162235CCACA00FB5FF2 /* PBXContainerItemProxy */;
		};
/* End PBXTargetDependency section */

/* Begin PBXVariantGroup section */
		9F415159235CCAC900FB5FF2 /* LaunchScreen.storyboard */ = {
			isa = PBXVariantGroup;
			children = (
				9F41515A235CCAC900FB5FF2 /* Base */,
			);
			name = LaunchScreen.storyboard;
			sourceTree = "<group>";
		};
/* End PBXVariantGroup section */

/* Begin XCBuildConfiguration section */
		9F415168235CCACA00FB5FF2 /* Debug */ = {
			isa = XCBuildConfiguration;
			buildSettings = {
				ALWAYS_SEARCH_USER_PATHS = NO;
				CLANG_ANALYZER_NONNULL = YES;
				CLANG_ANALYZER_NUMBER_OBJECT_CONVERSION = YES_AGGRESSIVE;
				CLANG_CXX_LANGUAGE_STANDARD = "gnu++14";
				CLANG_CXX_LIBRARY = "libc++";
				CLANG_ENABLE_MODULES = YES;
				CLANG_ENABLE_OBJC_ARC = YES;
				CLANG_ENABLE_OBJC_WEAK = YES;
				CLANG_WARN_BLOCK_CAPTURE_AUTORELEASING = YES;
				CLANG_WARN_BOOL_CONVERSION = YES;
				CLANG_WARN_COMMA = YES;
				CLANG_WARN_CONSTANT_CONVERSION = YES;
				CLANG_WARN_DEPRECATED_OBJC_IMPLEMENTATIONS = YES;
				CLANG_WARN_DIRECT_OBJC_ISA_USAGE = YES_ERROR;
				CLANG_WARN_DOCUMENTATION_COMMENTS = YES;
				CLANG_WARN_EMPTY_BODY = YES;
				CLANG_WARN_ENUM_CONVERSION = YES;
				CLANG_WARN_INFINITE_RECURSION = YES;
				CLANG_WARN_INT_CONVERSION = YES;
				CLANG_WARN_NON_LITERAL_NULL_CONVERSION = YES;
				CLANG_WARN_OBJC_IMPLICIT_RETAIN_SELF = YES;
				CLANG_WARN_OBJC_LITERAL_CONVERSION = YES;
				CLANG_WARN_OBJC_ROOT_CLASS = YES_ERROR;
				CLANG_WARN_RANGE_LOOP_ANALYSIS = YES;
				CLANG_WARN_STRICT_PROTOTYPES = YES;
				CLANG_WARN_SUSPICIOUS_MOVE = YES;
				CLANG_WARN_UNGUARDED_AVAILABILITY = YES_AGGRESSIVE;
				CLANG_WARN_UNREACHABLE_CODE = YES;
				CLANG_WARN__DUPLICATE_METHOD_MATCH = YES;
				COPY_PHASE_STRIP = NO;
				DEBUG_INFORMATION_FORMAT = dwarf;
				ENABLE_STRICT_OBJC_MSGSEND = YES;
				ENABLE_TESTABILITY = YES;
				GCC_C_LANGUAGE_STANDARD = gnu11;
				GCC_DYNAMIC_NO_PIC = NO;
				GCC_NO_COMMON_BLOCKS = YES;
				GCC_OPTIMIZATION_LEVEL = 0;
				GCC_PREPROCESSOR_DEFINITIONS = (
					"DEBUG=1",
					"$(inherited)",
				);
				GCC_WARN_64_TO_32_BIT_CONVERSION = YES;
				GCC_WARN_ABOUT_RETURN_TYPE = YES_ERROR;
				GCC_WARN_UNDECLARED_SELECTOR = YES;
				GCC_WARN_UNINITIALIZED_AUTOS = YES_AGGRESSIVE;
				GCC_WARN_UNUSED_FUNCTION = YES;
				GCC_WARN_UNUSED_VARIABLE = YES;
				IPHONEOS_DEPLOYMENT_TARGET = 13.1;
				MTL_ENABLE_DEBUG_INFO = INCLUDE_SOURCE;
				MTL_FAST_MATH = YES;
				ONLY_ACTIVE_ARCH = YES;
				SDKROOT = iphoneos;
				SWIFT_ACTIVE_COMPILATION_CONDITIONS = DEBUG;
				SWIFT_OPTIMIZATION_LEVEL = "-Onone";
			};
			name = Debug;
		};
		9F415169235CCACA00FB5FF2 /* Release */ = {
			isa = XCBuildConfiguration;
			buildSettings = {
				ALWAYS_SEARCH_USER_PATHS = NO;
				CLANG_ANALYZER_NONNULL = YES;
				CLANG_ANALYZER_NUMBER_OBJECT_CONVERSION = YES_AGGRESSIVE;
				CLANG_CXX_LANGUAGE_STANDARD = "gnu++14";
				CLANG_CXX_LIBRARY = "libc++";
				CLANG_ENABLE_MODULES = YES;
				CLANG_ENABLE_OBJC_ARC = YES;
				CLANG_ENABLE_OBJC_WEAK = YES;
				CLANG_WARN_BLOCK_CAPTURE_AUTORELEASING = YES;
				CLANG_WARN_BOOL_CONVERSION = YES;
				CLANG_WARN_COMMA = YES;
				CLANG_WARN_CONSTANT_CONVERSION = YES;
				CLANG_WARN_DEPRECATED_OBJC_IMPLEMENTATIONS = YES;
				CLANG_WARN_DIRECT_OBJC_ISA_USAGE = YES_ERROR;
				CLANG_WARN_DOCUMENTATION_COMMENTS = YES;
				CLANG_WARN_EMPTY_BODY = YES;
				CLANG_WARN_ENUM_CONVERSION = YES;
				CLANG_WARN_INFINITE_RECURSION = YES;
				CLANG_WARN_INT_CONVERSION = YES;
				CLANG_WARN_NON_LITERAL_NULL_CONVERSION = YES;
				CLANG_WARN_OBJC_IMPLICIT_RETAIN_SELF = YES;
				CLANG_WARN_OBJC_LITERAL_CONVERSION = YES;
				CLANG_WARN_OBJC_ROOT_CLASS = YES_ERROR;
				CLANG_WARN_RANGE_LOOP_ANALYSIS = YES;
				CLANG_WARN_STRICT_PROTOTYPES = YES;
				CLANG_WARN_SUSPICIOUS_MOVE = YES;
				CLANG_WARN_UNGUARDED_AVAILABILITY = YES_AGGRESSIVE;
				CLANG_WARN_UNREACHABLE_CODE = YES;
				CLANG_WARN__DUPLICATE_METHOD_MATCH = YES;
				COPY_PHASE_STRIP = NO;
				DEBUG_INFORMATION_FORMAT = "dwarf-with-dsym";
				ENABLE_NS_ASSERTIONS = NO;
				ENABLE_STRICT_OBJC_MSGSEND = YES;
				GCC_C_LANGUAGE_STANDARD = gnu11;
				GCC_NO_COMMON_BLOCKS = YES;
				GCC_WARN_64_TO_32_BIT_CONVERSION = YES;
				GCC_WARN_ABOUT_RETURN_TYPE = YES_ERROR;
				GCC_WARN_UNDECLARED_SELECTOR = YES;
				GCC_WARN_UNINITIALIZED_AUTOS = YES_AGGRESSIVE;
				GCC_WARN_UNUSED_FUNCTION = YES;
				GCC_WARN_UNUSED_VARIABLE = YES;
				IPHONEOS_DEPLOYMENT_TARGET = 13.1;
				MTL_ENABLE_DEBUG_INFO = NO;
				MTL_FAST_MATH = YES;
				SDKROOT = iphoneos;
				SWIFT_COMPILATION_MODE = wholemodule;
				SWIFT_OPTIMIZATION_LEVEL = "-O";
				VALIDATE_PRODUCT = YES;
			};
			name = Release;
		};
		9F41516B235CCACA00FB5FF2 /* Debug */ = {
			isa = XCBuildConfiguration;
			buildSettings = {
				ASSETCATALOG_COMPILER_APPICON_NAME = AppIcon;
				CODE_SIGN_STYLE = Automatic;
				DEVELOPMENT_ASSET_PATHS = "\"Commutication/Preview Content\"";
				DEVELOPMENT_TEAM = 4QC73UKNQH;
				ENABLE_PREVIEWS = YES;
				INFOPLIST_FILE = Commutication/Info.plist;
				IPHONEOS_DEPLOYMENT_TARGET = 13.1;
				LD_RUNPATH_SEARCH_PATHS = (
					"$(inherited)",
					"@executable_path/Frameworks",
				);
				PRODUCT_BUNDLE_IDENTIFIER = com.minecraftgamers.Commutication;
				PRODUCT_NAME = "$(TARGET_NAME)";
				SWIFT_VERSION = 5.0;
				TARGETED_DEVICE_FAMILY = "1,2";
			};
			name = Debug;
		};
		9F41516C235CCACA00FB5FF2 /* Release */ = {
			isa = XCBuildConfiguration;
			buildSettings = {
				ASSETCATALOG_COMPILER_APPICON_NAME = AppIcon;
				CODE_SIGN_STYLE = Automatic;
				DEVELOPMENT_ASSET_PATHS = "\"Commutication/Preview Content\"";
				DEVELOPMENT_TEAM = 4QC73UKNQH;
				ENABLE_PREVIEWS = YES;
				INFOPLIST_FILE = Commutication/Info.plist;
				IPHONEOS_DEPLOYMENT_TARGET = 13.1;
				LD_RUNPATH_SEARCH_PATHS = (
					"$(inherited)",
					"@executable_path/Frameworks",
				);
				PRODUCT_BUNDLE_IDENTIFIER = com.minecraftgamers.Commutication;
				PRODUCT_NAME = "$(TARGET_NAME)";
				SWIFT_VERSION = 5.0;
				TARGETED_DEVICE_FAMILY = "1,2";
			};
			name = Release;
		};
		9F41516E235CCACA00FB5FF2 /* Debug */ = {
			isa = XCBuildConfiguration;
			buildSettings = {
				ALWAYS_EMBED_SWIFT_STANDARD_LIBRARIES = YES;
				BUNDLE_LOADER = "$(TEST_HOST)";
				CODE_SIGN_STYLE = Automatic;
				INFOPLIST_FILE = CommuticationTests/Info.plist;
				IPHONEOS_DEPLOYMENT_TARGET = 13.1;
				LD_RUNPATH_SEARCH_PATHS = (
					"$(inherited)",
					"@executable_path/Frameworks",
					"@loader_path/Frameworks",
				);
				PRODUCT_BUNDLE_IDENTIFIER = com.minecraftgamers.CommuticationTests;
				PRODUCT_NAME = "$(TARGET_NAME)";
				SWIFT_VERSION = 5.0;
				TARGETED_DEVICE_FAMILY = "1,2";
				TEST_HOST = "$(BUILT_PRODUCTS_DIR)/Commutication.app/Commutication";
			};
			name = Debug;
		};
		9F41516F235CCACA00FB5FF2 /* Release */ = {
			isa = XCBuildConfiguration;
			buildSettings = {
				ALWAYS_EMBED_SWIFT_STANDARD_LIBRARIES = YES;
				BUNDLE_LOADER = "$(TEST_HOST)";
				CODE_SIGN_STYLE = Automatic;
				INFOPLIST_FILE = CommuticationTests/Info.plist;
				IPHONEOS_DEPLOYMENT_TARGET = 13.1;
				LD_RUNPATH_SEARCH_PATHS = (
					"$(inherited)",
					"@executable_path/Frameworks",
					"@loader_path/Frameworks",
				);
				PRODUCT_BUNDLE_IDENTIFIER = com.minecraftgamers.CommuticationTests;
				PRODUCT_NAME = "$(TARGET_NAME)";
				SWIFT_VERSION = 5.0;
				TARGETED_DEVICE_FAMILY = "1,2";
				TEST_HOST = "$(BUILT_PRODUCTS_DIR)/Commutication.app/Commutication";
			};
			name = Release;
		};
/* End XCBuildConfiguration section */

/* Begin XCConfigurationList section */
		9F415146235CCAC900FB5FF2 /* Build configuration list for PBXProject "Commutication" */ = {
			isa = XCConfigurationList;
			buildConfigurations = (
				9F415168235CCACA00FB5FF2 /* Debug */,
				9F415169235CCACA00FB5FF2 /* Release */,
			);
			defaultConfigurationIsVisible = 0;
			defaultConfigurationName = Release;
		};
		9F41516A235CCACA00FB5FF2 /* Build configuration list for PBXNativeTarget "Commutication" */ = {
			isa = XCConfigurationList;
			buildConfigurations = (
				9F41516B235CCACA00FB5FF2 /* Debug */,
				9F41516C235CCACA00FB5FF2 /* Release */,
			);
			defaultConfigurationIsVisible = 0;
			defaultConfigurationName = Release;
		};
		9F41516D235CCACA00FB5FF2 /* Build configuration list for PBXNativeTarget "CommuticationTests" */ = {
			isa = XCConfigurationList;
			buildConfigurations = (
				9F41516E235CCACA00FB5FF2 /* Debug */,
				9F41516F235CCACA00FB5FF2 /* Release */,
			);
			defaultConfigurationIsVisible = 0;
			defaultConfigurationName = Release;
		};
/* End XCConfigurationList section */
	};
	rootObject = 9F415143235CCAC900FB5FF2 /* Project object */;
}
